// !$*UTF8*$!
{
	archiveVersion = 1;
	classes = {
	};
	objectVersion = 51;
	objects = {

/* Begin PBXBuildFile section */
		5B0C2EA625DF4A6F00F36D91 /* AppDelegate.swift in Sources */ = {isa = PBXBuildFile; fileRef = 5B0C2EA525DF4A6F00F36D91 /* AppDelegate.swift */; };
		5B0C2EA825DF4A6F00F36D91 /* SceneDelegate.swift in Sources */ = {isa = PBXBuildFile; fileRef = 5B0C2EA725DF4A6F00F36D91 /* SceneDelegate.swift */; };
		5B0C2EAA25DF4A6F00F36D91 /* ViewController.swift in Sources */ = {isa = PBXBuildFile; fileRef = 5B0C2EA925DF4A6F00F36D91 /* ViewController.swift */; };
		5B0C2EAD25DF4A6F00F36D91 /* Main.storyboard in Resources */ = {isa = PBXBuildFile; fileRef = 5B0C2EAB25DF4A6F00F36D91 /* Main.storyboard */; };
		5B0C2EB025DF4A6F00F36D91 /* MentalHealthProject.xcdatamodeld in Sources */ = {isa = PBXBuildFile; fileRef = 5B0C2EAE25DF4A6F00F36D91 /* MentalHealthProject.xcdatamodeld */; };
		5B0C2EB225DF4A7000F36D91 /* Assets.xcassets in Resources */ = {isa = PBXBuildFile; fileRef = 5B0C2EB125DF4A7000F36D91 /* Assets.xcassets */; };
		5B0C2EB525DF4A7000F36D91 /* LaunchScreen.storyboard in Resources */ = {isa = PBXBuildFile; fileRef = 5B0C2EB325DF4A7000F36D91 /* LaunchScreen.storyboard */; };
		5B0C2EC025DF4A7100F36D91 /* MentalHealthProjectTests.swift in Sources */ = {isa = PBXBuildFile; fileRef = 5B0C2EBF25DF4A7100F36D91 /* MentalHealthProjectTests.swift */; };
		5B0C2ECB25DF4A7100F36D91 /* MentalHealthProjectUITests.swift in Sources */ = {isa = PBXBuildFile; fileRef = 5B0C2ECA25DF4A7100F36D91 /* MentalHealthProjectUITests.swift */; };
		5B38C49625E6B8C300D38703 /* SignInViewController.swift in Sources */ = {isa = PBXBuildFile; fileRef = 5B38C49525E6B8C300D38703 /* SignInViewController.swift */; };
		5B3EBEBF25E87087001B33A2 /* CloudKit.framework in Frameworks */ = {isa = PBXBuildFile; fileRef = 5B3EBEBE25E87087001B33A2 /* CloudKit.framework */; };
		5B3EBEEA25EDD041001B33A2 /* GoogleService-Info.plist in Resources */ = {isa = PBXBuildFile; fileRef = 5B3EBEE925EDD041001B33A2 /* GoogleService-Info.plist */; };
		5B3EBEF325EDF6B4001B33A2 /* ContentCreatorFrameViewController.swift in Sources */ = {isa = PBXBuildFile; fileRef = 5B3EBEF225EDF6B4001B33A2 /* ContentCreatorFrameViewController.swift */; };
		5B3EBEFB25EED4CA001B33A2 /* ProfileViewController.swift in Sources */ = {isa = PBXBuildFile; fileRef = 5B3EBEFA25EED4CA001B33A2 /* ProfileViewController.swift */; };
		5B504A792609940A00DCDC5E /* CensorMethods.swift in Sources */ = {isa = PBXBuildFile; fileRef = 5B504A782609940A00DCDC5E /* CensorMethods.swift */; };
		5B5F31D8260999AB0088E7FC /* NewsletterMakerViewController.swift in Sources */ = {isa = PBXBuildFile; fileRef = 5B5F31D7260999AB0088E7FC /* NewsletterMakerViewController.swift */; };
		5B5F31DF260A41530088E7FC /* AnimationViewController.swift in Sources */ = {isa = PBXBuildFile; fileRef = 5B5F31DE260A41530088E7FC /* AnimationViewController.swift */; };
		5B60A52E260501DE00C47358 /* SpecBlogViewController.swift in Sources */ = {isa = PBXBuildFile; fileRef = 5B60A52D260501DE00C47358 /* SpecBlogViewController.swift */; };
		5B60A5332605073800C47358 /* BasicGenViewController.swift in Sources */ = {isa = PBXBuildFile; fileRef = 5B60A5322605073800C47358 /* BasicGenViewController.swift */; };
		5B60A5382605088900C47358 /* TherapistViewController.swift in Sources */ = {isa = PBXBuildFile; fileRef = 5B60A5372605088900C47358 /* TherapistViewController.swift */; };
		5B60A53E26050AAC00C47358 /* TherapistTableViewCell.swift in Sources */ = {isa = PBXBuildFile; fileRef = 5B60A53C26050AAC00C47358 /* TherapistTableViewCell.swift */; };
		5B60A53F26050AAC00C47358 /* TherapistTableViewCell.xib in Resources */ = {isa = PBXBuildFile; fileRef = 5B60A53D26050AAC00C47358 /* TherapistTableViewCell.xib */; };
		5B6AC0A425E56870003CDAC8 /* Utilities.swift in Sources */ = {isa = PBXBuildFile; fileRef = 5B6AC0A325E56870003CDAC8 /* Utilities.swift */; };
		5B97732425E48C0800C1D399 /* JournalsViewController.swift in Sources */ = {isa = PBXBuildFile; fileRef = 5B97732325E48C0800C1D399 /* JournalsViewController.swift */; };
		5BA9013F2607F14C0027BC2E /* AdminMainViewController.swift in Sources */ = {isa = PBXBuildFile; fileRef = 5BA9013E2607F14C0027BC2E /* AdminMainViewController.swift */; };
		5BA901442607FE2E0027BC2E /* NewsletterViewController.swift in Sources */ = {isa = PBXBuildFile; fileRef = 5BA901432607FE2E0027BC2E /* NewsletterViewController.swift */; };
		5BB18A5825E1E5C600AFB17B /* JournalBGViewController.swift in Sources */ = {isa = PBXBuildFile; fileRef = 5BB18A5725E1E5C600AFB17B /* JournalBGViewController.swift */; };
		5BB18A6125E1E61500AFB17B /* JournalViewController.swift in Sources */ = {isa = PBXBuildFile; fileRef = 5BB18A6025E1E61500AFB17B /* JournalViewController.swift */; };
		5BD794C525E4B599009AEF5A /* MainViewController.swift in Sources */ = {isa = PBXBuildFile; fileRef = 5BD794C425E4B599009AEF5A /* MainViewController.swift */; };
		5BE2069F260422DA00333BEE /* BlogTableViewController.swift in Sources */ = {isa = PBXBuildFile; fileRef = 5BE2069E260422DA00333BEE /* BlogTableViewController.swift */; };
		5BFEABE026056A9F000AAA62 /* GymCell.swift in Sources */ = {isa = PBXBuildFile; fileRef = 5BFEABDE26056A9F000AAA62 /* GymCell.swift */; };
		5BFEABE126056A9F000AAA62 /* GymCell.xib in Resources */ = {isa = PBXBuildFile; fileRef = 5BFEABDF26056A9F000AAA62 /* GymCell.xib */; };
		5BFEABEE26056DFD000AAA62 /* RevCell.swift in Sources */ = {isa = PBXBuildFile; fileRef = 5BFEABEC26056DFD000AAA62 /* RevCell.swift */; };
		5BFEABEF26056DFD000AAA62 /* RevCell.xib in Resources */ = {isa = PBXBuildFile; fileRef = 5BFEABED26056DFD000AAA62 /* RevCell.xib */; };
		5BFEABF426057166000AAA62 /* SpecGymViewController.swift in Sources */ = {isa = PBXBuildFile; fileRef = 5BFEABF326057166000AAA62 /* SpecGymViewController.swift */; };
		5BFEAC0E26057A5C000AAA62 /* AddReviewViewController.swift in Sources */ = {isa = PBXBuildFile; fileRef = 5BFEAC0D26057A5C000AAA62 /* AddReviewViewController.swift */; };
		8691BB7D4A316DE8EE943609 /* Pods_MentalHealthProject.framework in Frameworks */ = {isa = PBXBuildFile; fileRef = 8DCD306A254D036EA338EBA0 /* Pods_MentalHealthProject.framework */; };
		A0ED41ABF6F04C897C60328C /* Pods_MentalHealthProjectTests.framework in Frameworks */ = {isa = PBXBuildFile; fileRef = AC8120DC28234DC186547EA3 /* Pods_MentalHealthProjectTests.framework */; };
		CB38017238AA0F54C2C7BA82 /* Pods_MentalHealthProject_MentalHealthProjectUITests.framework in Frameworks */ = {isa = PBXBuildFile; fileRef = 1135F4DA21C51F6D800A0502 /* Pods_MentalHealthProject_MentalHealthProjectUITests.framework */; };
/* End PBXBuildFile section */

/* Begin PBXContainerItemProxy section */
		5B0C2EBC25DF4A7100F36D91 /* PBXContainerItemProxy */ = {
			isa = PBXContainerItemProxy;
			containerPortal = 5B0C2E9A25DF4A6F00F36D91 /* Project object */;
			proxyType = 1;
			remoteGlobalIDString = 5B0C2EA125DF4A6F00F36D91;
			remoteInfo = MentalHealthProject;
		};
		5B0C2EC725DF4A7100F36D91 /* PBXContainerItemProxy */ = {
			isa = PBXContainerItemProxy;
			containerPortal = 5B0C2E9A25DF4A6F00F36D91 /* Project object */;
			proxyType = 1;
			remoteGlobalIDString = 5B0C2EA125DF4A6F00F36D91;
			remoteInfo = MentalHealthProject;
		};
/* End PBXContainerItemProxy section */

/* Begin PBXFileReference section */
		06D86F1B02914D66E306FEFD /* Pods-MentalHealthProject.release.xcconfig */ = {isa = PBXFileReference; includeInIndex = 1; lastKnownFileType = text.xcconfig; name = "Pods-MentalHealthProject.release.xcconfig"; path = "Target Support Files/Pods-MentalHealthProject/Pods-MentalHealthProject.release.xcconfig"; sourceTree = "<group>"; };
		077507E8AAEEB065214B6F56 /* Pods-MentalHealthProject-MentalHealthProjectUITests.release.xcconfig */ = {isa = PBXFileReference; includeInIndex = 1; lastKnownFileType = text.xcconfig; name = "Pods-MentalHealthProject-MentalHealthProjectUITests.release.xcconfig"; path = "Target Support Files/Pods-MentalHealthProject-MentalHealthProjectUITests/Pods-MentalHealthProject-MentalHealthProjectUITests.release.xcconfig"; sourceTree = "<group>"; };
		1135F4DA21C51F6D800A0502 /* Pods_MentalHealthProject_MentalHealthProjectUITests.framework */ = {isa = PBXFileReference; explicitFileType = wrapper.framework; includeInIndex = 0; path = Pods_MentalHealthProject_MentalHealthProjectUITests.framework; sourceTree = BUILT_PRODUCTS_DIR; };
		3804CFECEBBD4E017980D337 /* Pods-MentalHealthProject-MentalHealthProjectUITests.debug.xcconfig */ = {isa = PBXFileReference; includeInIndex = 1; lastKnownFileType = text.xcconfig; name = "Pods-MentalHealthProject-MentalHealthProjectUITests.debug.xcconfig"; path = "Target Support Files/Pods-MentalHealthProject-MentalHealthProjectUITests/Pods-MentalHealthProject-MentalHealthProjectUITests.debug.xcconfig"; sourceTree = "<group>"; };
		5234A3AB47B32FD6919BAC31 /* Pods-MentalHealthProjectTests.debug.xcconfig */ = {isa = PBXFileReference; includeInIndex = 1; lastKnownFileType = text.xcconfig; name = "Pods-MentalHealthProjectTests.debug.xcconfig"; path = "Target Support Files/Pods-MentalHealthProjectTests/Pods-MentalHealthProjectTests.debug.xcconfig"; sourceTree = "<group>"; };
		5B0C2EA225DF4A6F00F36D91 /* MentalHealthProject.app */ = {isa = PBXFileReference; explicitFileType = wrapper.application; includeInIndex = 0; path = MentalHealthProject.app; sourceTree = BUILT_PRODUCTS_DIR; };
		5B0C2EA525DF4A6F00F36D91 /* AppDelegate.swift */ = {isa = PBXFileReference; lastKnownFileType = sourcecode.swift; path = AppDelegate.swift; sourceTree = "<group>"; };
		5B0C2EA725DF4A6F00F36D91 /* SceneDelegate.swift */ = {isa = PBXFileReference; lastKnownFileType = sourcecode.swift; path = SceneDelegate.swift; sourceTree = "<group>"; };
		5B0C2EA925DF4A6F00F36D91 /* ViewController.swift */ = {isa = PBXFileReference; lastKnownFileType = sourcecode.swift; path = ViewController.swift; sourceTree = "<group>"; };
		5B0C2EAC25DF4A6F00F36D91 /* Base */ = {isa = PBXFileReference; lastKnownFileType = file.storyboard; name = Base; path = Base.lproj/Main.storyboard; sourceTree = "<group>"; };
		5B0C2EAF25DF4A6F00F36D91 /* MentalHealthProject.xcdatamodel */ = {isa = PBXFileReference; lastKnownFileType = wrapper.xcdatamodel; path = MentalHealthProject.xcdatamodel; sourceTree = "<group>"; };
		5B0C2EB125DF4A7000F36D91 /* Assets.xcassets */ = {isa = PBXFileReference; lastKnownFileType = folder.assetcatalog; path = Assets.xcassets; sourceTree = "<group>"; };
		5B0C2EB425DF4A7000F36D91 /* Base */ = {isa = PBXFileReference; lastKnownFileType = file.storyboard; name = Base; path = Base.lproj/LaunchScreen.storyboard; sourceTree = "<group>"; };
		5B0C2EB625DF4A7000F36D91 /* Info.plist */ = {isa = PBXFileReference; lastKnownFileType = text.plist.xml; path = Info.plist; sourceTree = "<group>"; };
		5B0C2EBB25DF4A7100F36D91 /* MentalHealthProjectTests.xctest */ = {isa = PBXFileReference; explicitFileType = wrapper.cfbundle; includeInIndex = 0; path = MentalHealthProjectTests.xctest; sourceTree = BUILT_PRODUCTS_DIR; };
		5B0C2EBF25DF4A7100F36D91 /* MentalHealthProjectTests.swift */ = {isa = PBXFileReference; lastKnownFileType = sourcecode.swift; path = MentalHealthProjectTests.swift; sourceTree = "<group>"; };
		5B0C2EC125DF4A7100F36D91 /* Info.plist */ = {isa = PBXFileReference; lastKnownFileType = text.plist.xml; path = Info.plist; sourceTree = "<group>"; };
		5B0C2EC625DF4A7100F36D91 /* MentalHealthProjectUITests.xctest */ = {isa = PBXFileReference; explicitFileType = wrapper.cfbundle; includeInIndex = 0; path = MentalHealthProjectUITests.xctest; sourceTree = BUILT_PRODUCTS_DIR; };
		5B0C2ECA25DF4A7100F36D91 /* MentalHealthProjectUITests.swift */ = {isa = PBXFileReference; lastKnownFileType = sourcecode.swift; path = MentalHealthProjectUITests.swift; sourceTree = "<group>"; };
		5B0C2ECC25DF4A7100F36D91 /* Info.plist */ = {isa = PBXFileReference; lastKnownFileType = text.plist.xml; path = Info.plist; sourceTree = "<group>"; };
		5B38C49525E6B8C300D38703 /* SignInViewController.swift */ = {isa = PBXFileReference; lastKnownFileType = sourcecode.swift; path = SignInViewController.swift; sourceTree = "<group>"; };
		5B3EBEBD25E87083001B33A2 /* MentalHealthProject.entitlements */ = {isa = PBXFileReference; lastKnownFileType = text.plist.entitlements; path = MentalHealthProject.entitlements; sourceTree = "<group>"; };
		5B3EBEBE25E87087001B33A2 /* CloudKit.framework */ = {isa = PBXFileReference; lastKnownFileType = wrapper.framework; name = CloudKit.framework; path = System/Library/Frameworks/CloudKit.framework; sourceTree = SDKROOT; };
		5B3EBEE925EDD041001B33A2 /* GoogleService-Info.plist */ = {isa = PBXFileReference; fileEncoding = 4; lastKnownFileType = text.plist.xml; path = "GoogleService-Info.plist"; sourceTree = "<group>"; };
		5B3EBEF225EDF6B4001B33A2 /* ContentCreatorFrameViewController.swift */ = {isa = PBXFileReference; lastKnownFileType = sourcecode.swift; path = ContentCreatorFrameViewController.swift; sourceTree = "<group>"; };
		5B3EBEFA25EED4CA001B33A2 /* ProfileViewController.swift */ = {isa = PBXFileReference; lastKnownFileType = sourcecode.swift; path = ProfileViewController.swift; sourceTree = "<group>"; };
		5B504A782609940A00DCDC5E /* CensorMethods.swift */ = {isa = PBXFileReference; lastKnownFileType = sourcecode.swift; path = CensorMethods.swift; sourceTree = "<group>"; };
		5B5F31D7260999AB0088E7FC /* NewsletterMakerViewController.swift */ = {isa = PBXFileReference; lastKnownFileType = sourcecode.swift; path = NewsletterMakerViewController.swift; sourceTree = "<group>"; };
		5B5F31DE260A41530088E7FC /* AnimationViewController.swift */ = {isa = PBXFileReference; lastKnownFileType = sourcecode.swift; path = AnimationViewController.swift; sourceTree = "<group>"; };
		5B60A52D260501DE00C47358 /* SpecBlogViewController.swift */ = {isa = PBXFileReference; lastKnownFileType = sourcecode.swift; path = SpecBlogViewController.swift; sourceTree = "<group>"; };
		5B60A5322605073800C47358 /* BasicGenViewController.swift */ = {isa = PBXFileReference; lastKnownFileType = sourcecode.swift; path = BasicGenViewController.swift; sourceTree = "<group>"; };
		5B60A5372605088900C47358 /* TherapistViewController.swift */ = {isa = PBXFileReference; lastKnownFileType = sourcecode.swift; path = TherapistViewController.swift; sourceTree = "<group>"; };
		5B60A53C26050AAC00C47358 /* TherapistTableViewCell.swift */ = {isa = PBXFileReference; lastKnownFileType = sourcecode.swift; path = TherapistTableViewCell.swift; sourceTree = "<group>"; };
		5B60A53D26050AAC00C47358 /* TherapistTableViewCell.xib */ = {isa = PBXFileReference; lastKnownFileType = file.xib; path = TherapistTableViewCell.xib; sourceTree = "<group>"; };
		5B6AC0A325E56870003CDAC8 /* Utilities.swift */ = {isa = PBXFileReference; fileEncoding = 4; lastKnownFileType = sourcecode.swift; path = Utilities.swift; sourceTree = "<group>"; };
		5B97732325E48C0800C1D399 /* JournalsViewController.swift */ = {isa = PBXFileReference; lastKnownFileType = sourcecode.swift; path = JournalsViewController.swift; sourceTree = "<group>"; };
		5BA9013E2607F14C0027BC2E /* AdminMainViewController.swift */ = {isa = PBXFileReference; lastKnownFileType = sourcecode.swift; path = AdminMainViewController.swift; sourceTree = "<group>"; };
		5BA901432607FE2E0027BC2E /* NewsletterViewController.swift */ = {isa = PBXFileReference; lastKnownFileType = sourcecode.swift; path = NewsletterViewController.swift; sourceTree = "<group>"; };
		5BB18A5725E1E5C600AFB17B /* JournalBGViewController.swift */ = {isa = PBXFileReference; lastKnownFileType = sourcecode.swift; path = JournalBGViewController.swift; sourceTree = "<group>"; };
		5BB18A6025E1E61500AFB17B /* JournalViewController.swift */ = {isa = PBXFileReference; lastKnownFileType = sourcecode.swift; path = JournalViewController.swift; sourceTree = "<group>"; };
		5BD794C425E4B599009AEF5A /* MainViewController.swift */ = {isa = PBXFileReference; lastKnownFileType = sourcecode.swift; path = MainViewController.swift; sourceTree = "<group>"; };
		5BE2069E260422DA00333BEE /* BlogTableViewController.swift */ = {isa = PBXFileReference; lastKnownFileType = sourcecode.swift; path = BlogTableViewController.swift; sourceTree = "<group>"; };
		5BFEABDE26056A9F000AAA62 /* GymCell.swift */ = {isa = PBXFileReference; lastKnownFileType = sourcecode.swift; path = GymCell.swift; sourceTree = "<group>"; };
		5BFEABDF26056A9F000AAA62 /* GymCell.xib */ = {isa = PBXFileReference; lastKnownFileType = file.xib; path = GymCell.xib; sourceTree = "<group>"; };
		5BFEABEC26056DFD000AAA62 /* RevCell.swift */ = {isa = PBXFileReference; lastKnownFileType = sourcecode.swift; path = RevCell.swift; sourceTree = "<group>"; };
		5BFEABED26056DFD000AAA62 /* RevCell.xib */ = {isa = PBXFileReference; lastKnownFileType = file.xib; path = RevCell.xib; sourceTree = "<group>"; };
		5BFEABF326057166000AAA62 /* SpecGymViewController.swift */ = {isa = PBXFileReference; lastKnownFileType = sourcecode.swift; path = SpecGymViewController.swift; sourceTree = "<group>"; };
		5BFEAC0D26057A5C000AAA62 /* AddReviewViewController.swift */ = {isa = PBXFileReference; lastKnownFileType = sourcecode.swift; path = AddReviewViewController.swift; sourceTree = "<group>"; };
		8DCD306A254D036EA338EBA0 /* Pods_MentalHealthProject.framework */ = {isa = PBXFileReference; explicitFileType = wrapper.framework; includeInIndex = 0; path = Pods_MentalHealthProject.framework; sourceTree = BUILT_PRODUCTS_DIR; };
		A61C2695F1887BF037F84A4D /* Pods-MentalHealthProject.debug.xcconfig */ = {isa = PBXFileReference; includeInIndex = 1; lastKnownFileType = text.xcconfig; name = "Pods-MentalHealthProject.debug.xcconfig"; path = "Target Support Files/Pods-MentalHealthProject/Pods-MentalHealthProject.debug.xcconfig"; sourceTree = "<group>"; };
		AC8120DC28234DC186547EA3 /* Pods_MentalHealthProjectTests.framework */ = {isa = PBXFileReference; explicitFileType = wrapper.framework; includeInIndex = 0; path = Pods_MentalHealthProjectTests.framework; sourceTree = BUILT_PRODUCTS_DIR; };
		FBDE8CEC489327761909C497 /* Pods-MentalHealthProjectTests.release.xcconfig */ = {isa = PBXFileReference; includeInIndex = 1; lastKnownFileType = text.xcconfig; name = "Pods-MentalHealthProjectTests.release.xcconfig"; path = "Target Support Files/Pods-MentalHealthProjectTests/Pods-MentalHealthProjectTests.release.xcconfig"; sourceTree = "<group>"; };
/* End PBXFileReference section */

/* Begin PBXFrameworksBuildPhase section */
		5B0C2E9F25DF4A6F00F36D91 /* Frameworks */ = {
			isa = PBXFrameworksBuildPhase;
			buildActionMask = 2147483647;
			files = (
				8691BB7D4A316DE8EE943609 /* Pods_MentalHealthProject.framework in Frameworks */,
				5B3EBEBF25E87087001B33A2 /* CloudKit.framework in Frameworks */,
			);
			runOnlyForDeploymentPostprocessing = 0;
		};
		5B0C2EB825DF4A7100F36D91 /* Frameworks */ = {
			isa = PBXFrameworksBuildPhase;
			buildActionMask = 2147483647;
			files = (
				A0ED41ABF6F04C897C60328C /* Pods_MentalHealthProjectTests.framework in Frameworks */,
			);
			runOnlyForDeploymentPostprocessing = 0;
		};
		5B0C2EC325DF4A7100F36D91 /* Frameworks */ = {
			isa = PBXFrameworksBuildPhase;
			buildActionMask = 2147483647;
			files = (
				CB38017238AA0F54C2C7BA82 /* Pods_MentalHealthProject_MentalHealthProjectUITests.framework in Frameworks */,
			);
			runOnlyForDeploymentPostprocessing = 0;
		};
/* End PBXFrameworksBuildPhase section */

/* Begin PBXGroup section */
		5B0C2E9925DF4A6F00F36D91 = {
			isa = PBXGroup;
			children = (
				5B0C2EA425DF4A6F00F36D91 /* MentalHealthProject */,
				5B0C2EBE25DF4A7100F36D91 /* MentalHealthProjectTests */,
				5B0C2EC925DF4A7100F36D91 /* MentalHealthProjectUITests */,
				5B0C2EA325DF4A6F00F36D91 /* Products */,
				87E81D825B1EC21399966EDE /* Pods */,
				A5B1A77F817E00C60184E6D4 /* Frameworks */,
			);
			sourceTree = "<group>";
		};
		5B0C2EA325DF4A6F00F36D91 /* Products */ = {
			isa = PBXGroup;
			children = (
				5B0C2EA225DF4A6F00F36D91 /* MentalHealthProject.app */,
				5B0C2EBB25DF4A7100F36D91 /* MentalHealthProjectTests.xctest */,
				5B0C2EC625DF4A7100F36D91 /* MentalHealthProjectUITests.xctest */,
			);
			name = Products;
			sourceTree = "<group>";
		};
		5B0C2EA425DF4A6F00F36D91 /* MentalHealthProject */ = {
			isa = PBXGroup;
			children = (
				5B3EBEBD25E87083001B33A2 /* MentalHealthProject.entitlements */,
				5BB18A6925E1E66A00AFB17B /* Helpers */,
				5BB18A5C25E1E5CF00AFB17B /* View Controllers */,
				5B0C2EA525DF4A6F00F36D91 /* AppDelegate.swift */,
				5B0C2EA725DF4A6F00F36D91 /* SceneDelegate.swift */,
				5B0C2EAB25DF4A6F00F36D91 /* Main.storyboard */,
				5B0C2EB125DF4A7000F36D91 /* Assets.xcassets */,
				5B0C2EB325DF4A7000F36D91 /* LaunchScreen.storyboard */,
				5B3EBEE925EDD041001B33A2 /* GoogleService-Info.plist */,
				5B0C2EB625DF4A7000F36D91 /* Info.plist */,
				5B0C2EAE25DF4A6F00F36D91 /* MentalHealthProject.xcdatamodeld */,
			);
			path = MentalHealthProject;
			sourceTree = "<group>";
		};
		5B0C2EBE25DF4A7100F36D91 /* MentalHealthProjectTests */ = {
			isa = PBXGroup;
			children = (
				5B0C2EBF25DF4A7100F36D91 /* MentalHealthProjectTests.swift */,
				5B0C2EC125DF4A7100F36D91 /* Info.plist */,
			);
			path = MentalHealthProjectTests;
			sourceTree = "<group>";
		};
		5B0C2EC925DF4A7100F36D91 /* MentalHealthProjectUITests */ = {
			isa = PBXGroup;
			children = (
				5B0C2ECA25DF4A7100F36D91 /* MentalHealthProjectUITests.swift */,
				5B0C2ECC25DF4A7100F36D91 /* Info.plist */,
			);
			path = MentalHealthProjectUITests;
			sourceTree = "<group>";
		};
		5B3EBEF125EDF670001B33A2 /* Profile */ = {
			isa = PBXGroup;
			children = (
				5BFEAC1326057B55000AAA62 /* Acct Types */,
				5B3EBEFA25EED4CA001B33A2 /* ProfileViewController.swift */,
			);
			path = Profile;
			sourceTree = "<group>";
		};
		5B504A7226096F2400DCDC5E /* Censor */ = {
			isa = PBXGroup;
			children = (
				5B504A782609940A00DCDC5E /* CensorMethods.swift */,
			);
			path = Censor;
			sourceTree = "<group>";
		};
		5B5F31DD260A413B0088E7FC /* AnimationOnLoad */ = {
			isa = PBXGroup;
			children = (
				5B5F31DE260A41530088E7FC /* AnimationViewController.swift */,
			);
			path = AnimationOnLoad;
			sourceTree = "<group>";
		};
		5B60A54326050D5400C47358 /* cells */ = {
			isa = PBXGroup;
			children = (
				5B60A54426050D5E00C47358 /* therapists */,
			);
			path = cells;
			sourceTree = "<group>";
		};
		5B60A54426050D5E00C47358 /* therapists */ = {
			isa = PBXGroup;
			children = (
				5B60A53C26050AAC00C47358 /* TherapistTableViewCell.swift */,
				5B60A53D26050AAC00C47358 /* TherapistTableViewCell.xib */,
			);
			path = therapists;
			sourceTree = "<group>";
		};
		5BA9013A2607F1390027BC2E /* Admin Account */ = {
			isa = PBXGroup;
			children = (
				5BA9013E2607F14C0027BC2E /* AdminMainViewController.swift */,
				5B5F31D7260999AB0088E7FC /* NewsletterMakerViewController.swift */,
			);
			path = "Admin Account";
			sourceTree = "<group>";
		};
		5BB18A5C25E1E5CF00AFB17B /* View Controllers */ = {
			isa = PBXGroup;
			children = (
				5BD5CE6C25E1E77E001C70DF /* Sign-In */,
				5BB18A5F25E1E5F300AFB17B /* Blogs */,
				5BB18A5D25E1E5E100AFB17B /* Journal */,
				5BB18A5E25E1E5ED00AFB17B /* Up Pley */,
				5B3EBEF125EDF670001B33A2 /* Profile */,
			);
			path = "View Controllers";
			sourceTree = "<group>";
		};
		5BB18A5D25E1E5E100AFB17B /* Journal */ = {
			isa = PBXGroup;
			children = (
				5BB18A5725E1E5C600AFB17B /* JournalBGViewController.swift */,
				5BB18A6025E1E61500AFB17B /* JournalViewController.swift */,
				5B97732325E48C0800C1D399 /* JournalsViewController.swift */,
			);
			path = Journal;
			sourceTree = "<group>";
		};
		5BB18A5E25E1E5ED00AFB17B /* Up Pley */ = {
			isa = PBXGroup;
			children = (
				5B504A7226096F2400DCDC5E /* Censor */,
				5BFEABDC26056A76000AAA62 /* cells */,
				5BD794C425E4B599009AEF5A /* MainViewController.swift */,
				5BFEABF326057166000AAA62 /* SpecGymViewController.swift */,
				5BFEAC0D26057A5C000AAA62 /* AddReviewViewController.swift */,
			);
			path = "Up Pley";
			sourceTree = "<group>";
		};
		5BB18A5F25E1E5F300AFB17B /* Blogs */ = {
			isa = PBXGroup;
			children = (
				5B60A54326050D5400C47358 /* cells */,
				5BE2069E260422DA00333BEE /* BlogTableViewController.swift */,
				5B60A52D260501DE00C47358 /* SpecBlogViewController.swift */,
				5B60A5322605073800C47358 /* BasicGenViewController.swift */,
				5B60A5372605088900C47358 /* TherapistViewController.swift */,
				5BA901432607FE2E0027BC2E /* NewsletterViewController.swift */,
			);
			path = Blogs;
			sourceTree = "<group>";
		};
		5BB18A6925E1E66A00AFB17B /* Helpers */ = {
			isa = PBXGroup;
			children = (
				5B6AC0A325E56870003CDAC8 /* Utilities.swift */,
			);
			path = Helpers;
			sourceTree = "<group>";
		};
		5BD5CE6C25E1E77E001C70DF /* Sign-In */ = {
			isa = PBXGroup;
			children = (
				5B5F31DD260A413B0088E7FC /* AnimationOnLoad */,
				5B38C49525E6B8C300D38703 /* SignInViewController.swift */,
				5B0C2EA925DF4A6F00F36D91 /* ViewController.swift */,
			);
			path = "Sign-In";
			sourceTree = "<group>";
		};
		5BFEABDC26056A76000AAA62 /* cells */ = {
			isa = PBXGroup;
			children = (
				5BFEABE826056C82000AAA62 /* reviews */,
				5BFEABDD26056A80000AAA62 /* gyms */,
			);
			path = cells;
			sourceTree = "<group>";
		};
		5BFEABDD26056A80000AAA62 /* gyms */ = {
			isa = PBXGroup;
			children = (
				5BFEABDE26056A9F000AAA62 /* GymCell.swift */,
				5BFEABDF26056A9F000AAA62 /* GymCell.xib */,
			);
			path = gyms;
			sourceTree = "<group>";
		};
		5BFEABE826056C82000AAA62 /* reviews */ = {
			isa = PBXGroup;
			children = (
				5BFEABEC26056DFD000AAA62 /* RevCell.swift */,
				5BFEABED26056DFD000AAA62 /* RevCell.xib */,
			);
			path = reviews;
			sourceTree = "<group>";
		};
		5BFEAC1326057B55000AAA62 /* Acct Types */ = {
			isa = PBXGroup;
			children = (
				5BA9013A2607F1390027BC2E /* Admin Account */,
				5B3EBEF225EDF6B4001B33A2 /* ContentCreatorFrameViewController.swift */,
			);
			path = "Acct Types";
			sourceTree = "<group>";
		};
		87E81D825B1EC21399966EDE /* Pods */ = {
			isa = PBXGroup;
			children = (
				A61C2695F1887BF037F84A4D /* Pods-MentalHealthProject.debug.xcconfig */,
				06D86F1B02914D66E306FEFD /* Pods-MentalHealthProject.release.xcconfig */,
				3804CFECEBBD4E017980D337 /* Pods-MentalHealthProject-MentalHealthProjectUITests.debug.xcconfig */,
				077507E8AAEEB065214B6F56 /* Pods-MentalHealthProject-MentalHealthProjectUITests.release.xcconfig */,
				5234A3AB47B32FD6919BAC31 /* Pods-MentalHealthProjectTests.debug.xcconfig */,
				FBDE8CEC489327761909C497 /* Pods-MentalHealthProjectTests.release.xcconfig */,
			);
			path = Pods;
			sourceTree = "<group>";
		};
		A5B1A77F817E00C60184E6D4 /* Frameworks */ = {
			isa = PBXGroup;
			children = (
				5B3EBEBE25E87087001B33A2 /* CloudKit.framework */,
				8DCD306A254D036EA338EBA0 /* Pods_MentalHealthProject.framework */,
				1135F4DA21C51F6D800A0502 /* Pods_MentalHealthProject_MentalHealthProjectUITests.framework */,
				AC8120DC28234DC186547EA3 /* Pods_MentalHealthProjectTests.framework */,
			);
			name = Frameworks;
			sourceTree = "<group>";
		};
/* End PBXGroup section */

/* Begin PBXNativeTarget section */
		5B0C2EA125DF4A6F00F36D91 /* MentalHealthProject */ = {
			isa = PBXNativeTarget;
			buildConfigurationList = 5B0C2ECF25DF4A7100F36D91 /* Build configuration list for PBXNativeTarget "MentalHealthProject" */;
			buildPhases = (
				72A78EA1B6A4865E14AB2B7F /* [CP] Check Pods Manifest.lock */,
				5B0C2E9E25DF4A6F00F36D91 /* Sources */,
				5B0C2E9F25DF4A6F00F36D91 /* Frameworks */,
				5B0C2EA025DF4A6F00F36D91 /* Resources */,
				752A05AAC1325427D1F77B9A /* [CP] Embed Pods Frameworks */,
				11E23614B79CF7EFBBDF2E4C /* [CP] Copy Pods Resources */,
			);
			buildRules = (
			);
			dependencies = (
			);
			name = MentalHealthProject;
			productName = MentalHealthProject;
			productReference = 5B0C2EA225DF4A6F00F36D91 /* MentalHealthProject.app */;
			productType = "com.apple.product-type.application";
		};
		5B0C2EBA25DF4A7100F36D91 /* MentalHealthProjectTests */ = {
			isa = PBXNativeTarget;
			buildConfigurationList = 5B0C2ED225DF4A7100F36D91 /* Build configuration list for PBXNativeTarget "MentalHealthProjectTests" */;
			buildPhases = (
				6CFDFB6968187DBB838EB543 /* [CP] Check Pods Manifest.lock */,
				5B0C2EB725DF4A7100F36D91 /* Sources */,
				5B0C2EB825DF4A7100F36D91 /* Frameworks */,
				5B0C2EB925DF4A7100F36D91 /* Resources */,
			);
			buildRules = (
			);
			dependencies = (
				5B0C2EBD25DF4A7100F36D91 /* PBXTargetDependency */,
			);
			name = MentalHealthProjectTests;
			productName = MentalHealthProjectTests;
			productReference = 5B0C2EBB25DF4A7100F36D91 /* MentalHealthProjectTests.xctest */;
			productType = "com.apple.product-type.bundle.unit-test";
		};
		5B0C2EC525DF4A7100F36D91 /* MentalHealthProjectUITests */ = {
			isa = PBXNativeTarget;
			buildConfigurationList = 5B0C2ED525DF4A7100F36D91 /* Build configuration list for PBXNativeTarget "MentalHealthProjectUITests" */;
			buildPhases = (
				EA0E9AD3F7C93606F58E2D1E /* [CP] Check Pods Manifest.lock */,
				5B0C2EC225DF4A7100F36D91 /* Sources */,
				5B0C2EC325DF4A7100F36D91 /* Frameworks */,
				5B0C2EC425DF4A7100F36D91 /* Resources */,
				51F84DCB80EFB0B4F8020B71 /* [CP] Embed Pods Frameworks */,
				939EF50DE31513A02C2EE051 /* [CP] Copy Pods Resources */,
			);
			buildRules = (
			);
			dependencies = (
				5B0C2EC825DF4A7100F36D91 /* PBXTargetDependency */,
			);
			name = MentalHealthProjectUITests;
			productName = MentalHealthProjectUITests;
			productReference = 5B0C2EC625DF4A7100F36D91 /* MentalHealthProjectUITests.xctest */;
			productType = "com.apple.product-type.bundle.ui-testing";
		};
/* End PBXNativeTarget section */

/* Begin PBXProject section */
		5B0C2E9A25DF4A6F00F36D91 /* Project object */ = {
			isa = PBXProject;
			attributes = {
				LastSwiftUpdateCheck = 1240;
				LastUpgradeCheck = 1240;
				TargetAttributes = {
					5B0C2EA125DF4A6F00F36D91 = {
						CreatedOnToolsVersion = 12.4;
					};
					5B0C2EBA25DF4A7100F36D91 = {
						CreatedOnToolsVersion = 12.4;
						TestTargetID = 5B0C2EA125DF4A6F00F36D91;
					};
					5B0C2EC525DF4A7100F36D91 = {
						CreatedOnToolsVersion = 12.4;
						TestTargetID = 5B0C2EA125DF4A6F00F36D91;
					};
				};
			};
			buildConfigurationList = 5B0C2E9D25DF4A6F00F36D91 /* Build configuration list for PBXProject "MentalHealthProject" */;
			compatibilityVersion = "Xcode 9.3";
			developmentRegion = en;
			hasScannedForEncodings = 0;
			knownRegions = (
				en,
				Base,
			);
			mainGroup = 5B0C2E9925DF4A6F00F36D91;
			productRefGroup = 5B0C2EA325DF4A6F00F36D91 /* Products */;
			projectDirPath = "";
			projectRoot = "";
			targets = (
				5B0C2EA125DF4A6F00F36D91 /* MentalHealthProject */,
				5B0C2EBA25DF4A7100F36D91 /* MentalHealthProjectTests */,
				5B0C2EC525DF4A7100F36D91 /* MentalHealthProjectUITests */,
			);
		};
/* End PBXProject section */

/* Begin PBXResourcesBuildPhase section */
		5B0C2EA025DF4A6F00F36D91 /* Resources */ = {
			isa = PBXResourcesBuildPhase;
			buildActionMask = 2147483647;
			files = (
				5B60A53F26050AAC00C47358 /* TherapistTableViewCell.xib in Resources */,
				5B0C2EB525DF4A7000F36D91 /* LaunchScreen.storyboard in Resources */,
				5BFEABEF26056DFD000AAA62 /* RevCell.xib in Resources */,
				5B3EBEEA25EDD041001B33A2 /* GoogleService-Info.plist in Resources */,
				5BFEABE126056A9F000AAA62 /* GymCell.xib in Resources */,
				5B0C2EB225DF4A7000F36D91 /* Assets.xcassets in Resources */,
				5B0C2EAD25DF4A6F00F36D91 /* Main.storyboard in Resources */,
			);
			runOnlyForDeploymentPostprocessing = 0;
		};
		5B0C2EB925DF4A7100F36D91 /* Resources */ = {
			isa = PBXResourcesBuildPhase;
			buildActionMask = 2147483647;
			files = (
			);
			runOnlyForDeploymentPostprocessing = 0;
		};
		5B0C2EC425DF4A7100F36D91 /* Resources */ = {
			isa = PBXResourcesBuildPhase;
			buildActionMask = 2147483647;
			files = (
			);
			runOnlyForDeploymentPostprocessing = 0;
		};
/* End PBXResourcesBuildPhase section */

/* Begin PBXShellScriptBuildPhase section */
		11E23614B79CF7EFBBDF2E4C /* [CP] Copy Pods Resources */ = {
			isa = PBXShellScriptBuildPhase;
			buildActionMask = 2147483647;
			files = (
			);
			inputFileListPaths = (
				"${PODS_ROOT}/Target Support Files/Pods-MentalHealthProject/Pods-MentalHealthProject-resources-${CONFIGURATION}-input-files.xcfilelist",
			);
			name = "[CP] Copy Pods Resources";
			outputFileListPaths = (
				"${PODS_ROOT}/Target Support Files/Pods-MentalHealthProject/Pods-MentalHealthProject-resources-${CONFIGURATION}-output-files.xcfilelist",
			);
			runOnlyForDeploymentPostprocessing = 0;
			shellPath = /bin/sh;
			shellScript = "\"${PODS_ROOT}/Target Support Files/Pods-MentalHealthProject/Pods-MentalHealthProject-resources.sh\"\n";
			showEnvVarsInLog = 0;
		};
		51F84DCB80EFB0B4F8020B71 /* [CP] Embed Pods Frameworks */ = {
			isa = PBXShellScriptBuildPhase;
			buildActionMask = 2147483647;
			files = (
			);
			inputFileListPaths = (
				"${PODS_ROOT}/Target Support Files/Pods-MentalHealthProject-MentalHealthProjectUITests/Pods-MentalHealthProject-MentalHealthProjectUITests-frameworks-${CONFIGURATION}-input-files.xcfilelist",
			);
			name = "[CP] Embed Pods Frameworks";
			outputFileListPaths = (
				"${PODS_ROOT}/Target Support Files/Pods-MentalHealthProject-MentalHealthProjectUITests/Pods-MentalHealthProject-MentalHealthProjectUITests-frameworks-${CONFIGURATION}-output-files.xcfilelist",
			);
			runOnlyForDeploymentPostprocessing = 0;
			shellPath = /bin/sh;
			shellScript = "\"${PODS_ROOT}/Target Support Files/Pods-MentalHealthProject-MentalHealthProjectUITests/Pods-MentalHealthProject-MentalHealthProjectUITests-frameworks.sh\"\n";
			showEnvVarsInLog = 0;
		};
		6CFDFB6968187DBB838EB543 /* [CP] Check Pods Manifest.lock */ = {
			isa = PBXShellScriptBuildPhase;
			buildActionMask = 2147483647;
			files = (
			);
			inputFileListPaths = (
			);
			inputPaths = (
				"${PODS_PODFILE_DIR_PATH}/Podfile.lock",
				"${PODS_ROOT}/Manifest.lock",
			);
			name = "[CP] Check Pods Manifest.lock";
			outputFileListPaths = (
			);
			outputPaths = (
				"$(DERIVED_FILE_DIR)/Pods-MentalHealthProjectTests-checkManifestLockResult.txt",
			);
			runOnlyForDeploymentPostprocessing = 0;
			shellPath = /bin/sh;
			shellScript = "diff \"${PODS_PODFILE_DIR_PATH}/Podfile.lock\" \"${PODS_ROOT}/Manifest.lock\" > /dev/null\nif [ $? != 0 ] ; then\n    # print error to STDERR\n    echo \"error: The sandbox is not in sync with the Podfile.lock. Run 'pod install' or update your CocoaPods installation.\" >&2\n    exit 1\nfi\n# This output is used by Xcode 'outputs' to avoid re-running this script phase.\necho \"SUCCESS\" > \"${SCRIPT_OUTPUT_FILE_0}\"\n";
			showEnvVarsInLog = 0;
		};
		72A78EA1B6A4865E14AB2B7F /* [CP] Check Pods Manifest.lock */ = {
			isa = PBXShellScriptBuildPhase;
			buildActionMask = 2147483647;
			files = (
			);
			inputFileListPaths = (
			);
			inputPaths = (
				"${PODS_PODFILE_DIR_PATH}/Podfile.lock",
				"${PODS_ROOT}/Manifest.lock",
			);
			name = "[CP] Check Pods Manifest.lock";
			outputFileListPaths = (
			);
			outputPaths = (
				"$(DERIVED_FILE_DIR)/Pods-MentalHealthProject-checkManifestLockResult.txt",
			);
			runOnlyForDeploymentPostprocessing = 0;
			shellPath = /bin/sh;
			shellScript = "diff \"${PODS_PODFILE_DIR_PATH}/Podfile.lock\" \"${PODS_ROOT}/Manifest.lock\" > /dev/null\nif [ $? != 0 ] ; then\n    # print error to STDERR\n    echo \"error: The sandbox is not in sync with the Podfile.lock. Run 'pod install' or update your CocoaPods installation.\" >&2\n    exit 1\nfi\n# This output is used by Xcode 'outputs' to avoid re-running this script phase.\necho \"SUCCESS\" > \"${SCRIPT_OUTPUT_FILE_0}\"\n";
			showEnvVarsInLog = 0;
		};
		752A05AAC1325427D1F77B9A /* [CP] Embed Pods Frameworks */ = {
			isa = PBXShellScriptBuildPhase;
			buildActionMask = 2147483647;
			files = (
			);
			inputFileListPaths = (
				"${PODS_ROOT}/Target Support Files/Pods-MentalHealthProject/Pods-MentalHealthProject-frameworks-${CONFIGURATION}-input-files.xcfilelist",
			);
			name = "[CP] Embed Pods Frameworks";
			outputFileListPaths = (
				"${PODS_ROOT}/Target Support Files/Pods-MentalHealthProject/Pods-MentalHealthProject-frameworks-${CONFIGURATION}-output-files.xcfilelist",
			);
			runOnlyForDeploymentPostprocessing = 0;
			shellPath = /bin/sh;
			shellScript = "\"${PODS_ROOT}/Target Support Files/Pods-MentalHealthProject/Pods-MentalHealthProject-frameworks.sh\"\n";
			showEnvVarsInLog = 0;
		};
		939EF50DE31513A02C2EE051 /* [CP] Copy Pods Resources */ = {
			isa = PBXShellScriptBuildPhase;
			buildActionMask = 2147483647;
			files = (
			);
			inputFileListPaths = (
				"${PODS_ROOT}/Target Support Files/Pods-MentalHealthProject-MentalHealthProjectUITests/Pods-MentalHealthProject-MentalHealthProjectUITests-resources-${CONFIGURATION}-input-files.xcfilelist",
			);
			name = "[CP] Copy Pods Resources";
			outputFileListPaths = (
				"${PODS_ROOT}/Target Support Files/Pods-MentalHealthProject-MentalHealthProjectUITests/Pods-MentalHealthProject-MentalHealthProjectUITests-resources-${CONFIGURATION}-output-files.xcfilelist",
			);
			runOnlyForDeploymentPostprocessing = 0;
			shellPath = /bin/sh;
			shellScript = "\"${PODS_ROOT}/Target Support Files/Pods-MentalHealthProject-MentalHealthProjectUITests/Pods-MentalHealthProject-MentalHealthProjectUITests-resources.sh\"\n";
			showEnvVarsInLog = 0;
		};
		EA0E9AD3F7C93606F58E2D1E /* [CP] Check Pods Manifest.lock */ = {
			isa = PBXShellScriptBuildPhase;
			buildActionMask = 2147483647;
			files = (
			);
			inputFileListPaths = (
			);
			inputPaths = (
				"${PODS_PODFILE_DIR_PATH}/Podfile.lock",
				"${PODS_ROOT}/Manifest.lock",
			);
			name = "[CP] Check Pods Manifest.lock";
			outputFileListPaths = (
			);
			outputPaths = (
				"$(DERIVED_FILE_DIR)/Pods-MentalHealthProject-MentalHealthProjectUITests-checkManifestLockResult.txt",
			);
			runOnlyForDeploymentPostprocessing = 0;
			shellPath = /bin/sh;
			shellScript = "diff \"${PODS_PODFILE_DIR_PATH}/Podfile.lock\" \"${PODS_ROOT}/Manifest.lock\" > /dev/null\nif [ $? != 0 ] ; then\n    # print error to STDERR\n    echo \"error: The sandbox is not in sync with the Podfile.lock. Run 'pod install' or update your CocoaPods installation.\" >&2\n    exit 1\nfi\n# This output is used by Xcode 'outputs' to avoid re-running this script phase.\necho \"SUCCESS\" > \"${SCRIPT_OUTPUT_FILE_0}\"\n";
			showEnvVarsInLog = 0;
		};
/* End PBXShellScriptBuildPhase section */

/* Begin PBXSourcesBuildPhase section */
		5B0C2E9E25DF4A6F00F36D91 /* Sources */ = {
			isa = PBXSourcesBuildPhase;
			buildActionMask = 2147483647;
			files = (
				5B504A792609940A00DCDC5E /* CensorMethods.swift in Sources */,
				5B38C49625E6B8C300D38703 /* SignInViewController.swift in Sources */,
				5B0C2EB025DF4A6F00F36D91 /* MentalHealthProject.xcdatamodeld in Sources */,
				5BFEAC0E26057A5C000AAA62 /* AddReviewViewController.swift in Sources */,
				5B60A5332605073800C47358 /* BasicGenViewController.swift in Sources */,
				5B0C2EAA25DF4A6F00F36D91 /* ViewController.swift in Sources */,
				5B5F31DF260A41530088E7FC /* AnimationViewController.swift in Sources */,
				5BA901442607FE2E0027BC2E /* NewsletterViewController.swift in Sources */,
				5B0C2EA625DF4A6F00F36D91 /* AppDelegate.swift in Sources */,
				5BA9013F2607F14C0027BC2E /* AdminMainViewController.swift in Sources */,
				5BB18A5825E1E5C600AFB17B /* JournalBGViewController.swift in Sources */,
				5B60A53E26050AAC00C47358 /* TherapistTableViewCell.swift in Sources */,
				5BFEABE026056A9F000AAA62 /* GymCell.swift in Sources */,
				5B60A52E260501DE00C47358 /* SpecBlogViewController.swift in Sources */,
				5B97732425E48C0800C1D399 /* JournalsViewController.swift in Sources */,
				5BD794C525E4B599009AEF5A /* MainViewController.swift in Sources */,
				5BB18A6125E1E61500AFB17B /* JournalViewController.swift in Sources */,
				5B6AC0A425E56870003CDAC8 /* Utilities.swift in Sources */,
				5B3EBEFB25EED4CA001B33A2 /* ProfileViewController.swift in Sources */,
				5BFEABF426057166000AAA62 /* SpecGymViewController.swift in Sources */,
				5B5F31D8260999AB0088E7FC /* NewsletterMakerViewController.swift in Sources */,
				5B0C2EA825DF4A6F00F36D91 /* SceneDelegate.swift in Sources */,
				5B3EBEF325EDF6B4001B33A2 /* ContentCreatorFrameViewController.swift in Sources */,
				5BFEABEE26056DFD000AAA62 /* RevCell.swift in Sources */,
				5B60A5382605088900C47358 /* TherapistViewController.swift in Sources */,
				5BE2069F260422DA00333BEE /* BlogTableViewController.swift in Sources */,
			);
			runOnlyForDeploymentPostprocessing = 0;
		};
		5B0C2EB725DF4A7100F36D91 /* Sources */ = {
			isa = PBXSourcesBuildPhase;
			buildActionMask = 2147483647;
			files = (
				5B0C2EC025DF4A7100F36D91 /* MentalHealthProjectTests.swift in Sources */,
			);
			runOnlyForDeploymentPostprocessing = 0;
		};
		5B0C2EC225DF4A7100F36D91 /* Sources */ = {
			isa = PBXSourcesBuildPhase;
			buildActionMask = 2147483647;
			files = (
				5B0C2ECB25DF4A7100F36D91 /* MentalHealthProjectUITests.swift in Sources */,
			);
			runOnlyForDeploymentPostprocessing = 0;
		};
/* End PBXSourcesBuildPhase section */

/* Begin PBXTargetDependency section */
		5B0C2EBD25DF4A7100F36D91 /* PBXTargetDependency */ = {
			isa = PBXTargetDependency;
			target = 5B0C2EA125DF4A6F00F36D91 /* MentalHealthProject */;
			targetProxy = 5B0C2EBC25DF4A7100F36D91 /* PBXContainerItemProxy */;
		};
		5B0C2EC825DF4A7100F36D91 /* PBXTargetDependency */ = {
			isa = PBXTargetDependency;
			target = 5B0C2EA125DF4A6F00F36D91 /* MentalHealthProject */;
			targetProxy = 5B0C2EC725DF4A7100F36D91 /* PBXContainerItemProxy */;
		};
/* End PBXTargetDependency section */

/* Begin PBXVariantGroup section */
		5B0C2EAB25DF4A6F00F36D91 /* Main.storyboard */ = {
			isa = PBXVariantGroup;
			children = (
				5B0C2EAC25DF4A6F00F36D91 /* Base */,
			);
			name = Main.storyboard;
			sourceTree = "<group>";
		};
		5B0C2EB325DF4A7000F36D91 /* LaunchScreen.storyboard */ = {
			isa = PBXVariantGroup;
			children = (
				5B0C2EB425DF4A7000F36D91 /* Base */,
			);
			name = LaunchScreen.storyboard;
			sourceTree = "<group>";
		};
/* End PBXVariantGroup section */

/* Begin XCBuildConfiguration section */
		5B0C2ECD25DF4A7100F36D91 /* Debug */ = {
			isa = XCBuildConfiguration;
			buildSettings = {
				ALWAYS_SEARCH_USER_PATHS = NO;
				CLANG_ANALYZER_NONNULL = YES;
				CLANG_ANALYZER_NUMBER_OBJECT_CONVERSION = YES_AGGRESSIVE;
				CLANG_CXX_LANGUAGE_STANDARD = "gnu++14";
				CLANG_CXX_LIBRARY = "libc++";
				CLANG_ENABLE_MODULES = YES;
				CLANG_ENABLE_OBJC_ARC = YES;
				CLANG_ENABLE_OBJC_WEAK = YES;
				CLANG_WARN_BLOCK_CAPTURE_AUTORELEASING = YES;
				CLANG_WARN_BOOL_CONVERSION = YES;
				CLANG_WARN_COMMA = YES;
				CLANG_WARN_CONSTANT_CONVERSION = YES;
				CLANG_WARN_DEPRECATED_OBJC_IMPLEMENTATIONS = YES;
				CLANG_WARN_DIRECT_OBJC_ISA_USAGE = YES_ERROR;
				CLANG_WARN_DOCUMENTATION_COMMENTS = YES;
				CLANG_WARN_EMPTY_BODY = YES;
				CLANG_WARN_ENUM_CONVERSION = YES;
				CLANG_WARN_INFINITE_RECURSION = YES;
				CLANG_WARN_INT_CONVERSION = YES;
				CLANG_WARN_NON_LITERAL_NULL_CONVERSION = YES;
				CLANG_WARN_OBJC_IMPLICIT_RETAIN_SELF = YES;
				CLANG_WARN_OBJC_LITERAL_CONVERSION = YES;
				CLANG_WARN_OBJC_ROOT_CLASS = YES_ERROR;
				CLANG_WARN_QUOTED_INCLUDE_IN_FRAMEWORK_HEADER = YES;
				CLANG_WARN_RANGE_LOOP_ANALYSIS = YES;
				CLANG_WARN_STRICT_PROTOTYPES = YES;
				CLANG_WARN_SUSPICIOUS_MOVE = YES;
				CLANG_WARN_UNGUARDED_AVAILABILITY = YES_AGGRESSIVE;
				CLANG_WARN_UNREACHABLE_CODE = YES;
				CLANG_WARN__DUPLICATE_METHOD_MATCH = YES;
				COPY_PHASE_STRIP = NO;
				DEBUG_INFORMATION_FORMAT = dwarf;
				ENABLE_STRICT_OBJC_MSGSEND = YES;
				ENABLE_TESTABILITY = YES;
				GCC_C_LANGUAGE_STANDARD = gnu11;
				GCC_DYNAMIC_NO_PIC = NO;
				GCC_NO_COMMON_BLOCKS = YES;
				GCC_OPTIMIZATION_LEVEL = 0;
				GCC_PREPROCESSOR_DEFINITIONS = (
					"DEBUG=1",
					"$(inherited)",
				);
				GCC_WARN_64_TO_32_BIT_CONVERSION = YES;
				GCC_WARN_ABOUT_RETURN_TYPE = YES_ERROR;
				GCC_WARN_UNDECLARED_SELECTOR = YES;
				GCC_WARN_UNINITIALIZED_AUTOS = YES_AGGRESSIVE;
				GCC_WARN_UNUSED_FUNCTION = YES;
				GCC_WARN_UNUSED_VARIABLE = YES;
				IPHONEOS_DEPLOYMENT_TARGET = 13.0;
				MTL_ENABLE_DEBUG_INFO = INCLUDE_SOURCE;
				MTL_FAST_MATH = YES;
				ONLY_ACTIVE_ARCH = YES;
				SDKROOT = iphoneos;
				SWIFT_ACTIVE_COMPILATION_CONDITIONS = DEBUG;
				SWIFT_OPTIMIZATION_LEVEL = "-Onone";
			};
			name = Debug;
		};
		5B0C2ECE25DF4A7100F36D91 /* Release */ = {
			isa = XCBuildConfiguration;
			buildSettings = {
				ALWAYS_SEARCH_USER_PATHS = NO;
				CLANG_ANALYZER_NONNULL = YES;
				CLANG_ANALYZER_NUMBER_OBJECT_CONVERSION = YES_AGGRESSIVE;
				CLANG_CXX_LANGUAGE_STANDARD = "gnu++14";
				CLANG_CXX_LIBRARY = "libc++";
				CLANG_ENABLE_MODULES = YES;
				CLANG_ENABLE_OBJC_ARC = YES;
				CLANG_ENABLE_OBJC_WEAK = YES;
				CLANG_WARN_BLOCK_CAPTURE_AUTORELEASING = YES;
				CLANG_WARN_BOOL_CONVERSION = YES;
				CLANG_WARN_COMMA = YES;
				CLANG_WARN_CONSTANT_CONVERSION = YES;
				CLANG_WARN_DEPRECATED_OBJC_IMPLEMENTATIONS = YES;
				CLANG_WARN_DIRECT_OBJC_ISA_USAGE = YES_ERROR;
				CLANG_WARN_DOCUMENTATION_COMMENTS = YES;
				CLANG_WARN_EMPTY_BODY = YES;
				CLANG_WARN_ENUM_CONVERSION = YES;
				CLANG_WARN_INFINITE_RECURSION = YES;
				CLANG_WARN_INT_CONVERSION = YES;
				CLANG_WARN_NON_LITERAL_NULL_CONVERSION = YES;
				CLANG_WARN_OBJC_IMPLICIT_RETAIN_SELF = YES;
				CLANG_WARN_OBJC_LITERAL_CONVERSION = YES;
				CLANG_WARN_OBJC_ROOT_CLASS = YES_ERROR;
				CLANG_WARN_QUOTED_INCLUDE_IN_FRAMEWORK_HEADER = YES;
				CLANG_WARN_RANGE_LOOP_ANALYSIS = YES;
				CLANG_WARN_STRICT_PROTOTYPES = YES;
				CLANG_WARN_SUSPICIOUS_MOVE = YES;
				CLANG_WARN_UNGUARDED_AVAILABILITY = YES_AGGRESSIVE;
				CLANG_WARN_UNREACHABLE_CODE = YES;
				CLANG_WARN__DUPLICATE_METHOD_MATCH = YES;
				COPY_PHASE_STRIP = NO;
				DEBUG_INFORMATION_FORMAT = "dwarf-with-dsym";
				ENABLE_NS_ASSERTIONS = NO;
				ENABLE_STRICT_OBJC_MSGSEND = YES;
				GCC_C_LANGUAGE_STANDARD = gnu11;
				GCC_NO_COMMON_BLOCKS = YES;
				GCC_WARN_64_TO_32_BIT_CONVERSION = YES;
				GCC_WARN_ABOUT_RETURN_TYPE = YES_ERROR;
				GCC_WARN_UNDECLARED_SELECTOR = YES;
				GCC_WARN_UNINITIALIZED_AUTOS = YES_AGGRESSIVE;
				GCC_WARN_UNUSED_FUNCTION = YES;
				GCC_WARN_UNUSED_VARIABLE = YES;
				IPHONEOS_DEPLOYMENT_TARGET = 13.0;
				MTL_ENABLE_DEBUG_INFO = NO;
				MTL_FAST_MATH = YES;
				SDKROOT = iphoneos;
				SWIFT_COMPILATION_MODE = wholemodule;
				SWIFT_OPTIMIZATION_LEVEL = "-O";
				VALIDATE_PRODUCT = YES;
			};
			name = Release;
		};
		5B0C2ED025DF4A7100F36D91 /* Debug */ = {
			isa = XCBuildConfiguration;
			baseConfigurationReference = A61C2695F1887BF037F84A4D /* Pods-MentalHealthProject.debug.xcconfig */;
			buildSettings = {
				ASSETCATALOG_COMPILER_APPICON_NAME = AppIcon;
				ASSETCATALOG_COMPILER_GLOBAL_ACCENT_COLOR_NAME = AccentColor;
				CODE_SIGN_ENTITLEMENTS = MentalHealthProject/MentalHealthProject.entitlements;
				CODE_SIGN_STYLE = Automatic;
				CURRENT_PROJECT_VERSION = 1;
				DEVELOPMENT_TEAM = 7B6A868M7K;
				INFOPLIST_FILE = MentalHealthProject/Info.plist;
				LD_RUNPATH_SEARCH_PATHS = (
					"$(inherited)",
					"@executable_path/Frameworks",
				);
				MARKETING_VERSION = 1.0.1;
				PRODUCT_BUNDLE_IDENTIFIER = com.RW.MentalHealthProject;
				PRODUCT_NAME = "$(TARGET_NAME)";
				SWIFT_VERSION = 5.0;
				TARGETED_DEVICE_FAMILY = "1,2";
			};
			name = Debug;
		};
		5B0C2ED125DF4A7100F36D91 /* Release */ = {
			isa = XCBuildConfiguration;
			baseConfigurationReference = 06D86F1B02914D66E306FEFD /* Pods-MentalHealthProject.release.xcconfig */;
			buildSettings = {
				ASSETCATALOG_COMPILER_APPICON_NAME = AppIcon;
				ASSETCATALOG_COMPILER_GLOBAL_ACCENT_COLOR_NAME = AccentColor;
				CODE_SIGN_ENTITLEMENTS = MentalHealthProject/MentalHealthProject.entitlements;
				CODE_SIGN_STYLE = Automatic;
				CURRENT_PROJECT_VERSION = 1;
				DEVELOPMENT_TEAM = 7B6A868M7K;
				INFOPLIST_FILE = MentalHealthProject/Info.plist;
				LD_RUNPATH_SEARCH_PATHS = (
					"$(inherited)",
					"@executable_path/Frameworks",
				);
				MARKETING_VERSION = 1.0.1;
				PRODUCT_BUNDLE_IDENTIFIER = com.RW.MentalHealthProject;
				PRODUCT_NAME = "$(TARGET_NAME)";
				SWIFT_VERSION = 5.0;
				TARGETED_DEVICE_FAMILY = "1,2";
			};
			name = Release;
		};
		5B0C2ED325DF4A7100F36D91 /* Debug */ = {
			isa = XCBuildConfiguration;
			baseConfigurationReference = 5234A3AB47B32FD6919BAC31 /* Pods-MentalHealthProjectTests.debug.xcconfig */;
			buildSettings = {
				ALWAYS_EMBED_SWIFT_STANDARD_LIBRARIES = YES;
				BUNDLE_LOADER = "$(TEST_HOST)";
				CODE_SIGN_STYLE = Automatic;
				DEVELOPMENT_TEAM = 7B6A868M7K;
				INFOPLIST_FILE = MentalHealthProjectTests/Info.plist;
				IPHONEOS_DEPLOYMENT_TARGET = 14.4;
				LD_RUNPATH_SEARCH_PATHS = (
					"$(inherited)",
					"@executable_path/Frameworks",
					"@loader_path/Frameworks",
				);
				PRODUCT_BUNDLE_IDENTIFIER = com.RW.MentalHealthProjectTests;
				PRODUCT_NAME = "$(TARGET_NAME)";
				SWIFT_VERSION = 5.0;
				TARGETED_DEVICE_FAMILY = "1,2";
				TEST_HOST = "$(BUILT_PRODUCTS_DIR)/MentalHealthProject.app/MentalHealthProject";
			};
			name = Debug;
		};
		5B0C2ED425DF4A7100F36D91 /* Release */ = {
			isa = XCBuildConfiguration;
			baseConfigurationReference = FBDE8CEC489327761909C497 /* Pods-MentalHealthProjectTests.release.xcconfig */;
			buildSettings = {
				ALWAYS_EMBED_SWIFT_STANDARD_LIBRARIES = YES;
				BUNDLE_LOADER = "$(TEST_HOST)";
				CODE_SIGN_STYLE = Automatic;
				DEVELOPMENT_TEAM = 7B6A868M7K;
				INFOPLIST_FILE = MentalHealthProjectTests/Info.plist;
				IPHONEOS_DEPLOYMENT_TARGET = 14.4;
				LD_RUNPATH_SEARCH_PATHS = (
					"$(inherited)",
					"@executable_path/Frameworks",
					"@loader_path/Frameworks",
				);
				PRODUCT_BUNDLE_IDENTIFIER = com.RW.MentalHealthProjectTests;
				PRODUCT_NAME = "$(TARGET_NAME)";
				SWIFT_VERSION = 5.0;
				TARGETED_DEVICE_FAMILY = "1,2";
				TEST_HOST = "$(BUILT_PRODUCTS_DIR)/MentalHealthProject.app/MentalHealthProject";
			};
			name = Release;
		};
		5B0C2ED625DF4A7100F36D91 /* Debug */ = {
			isa = XCBuildConfiguration;
			baseConfigurationReference = 3804CFECEBBD4E017980D337 /* Pods-MentalHealthProject-MentalHealthProjectUITests.debug.xcconfig */;
			buildSettings = {
				ALWAYS_EMBED_SWIFT_STANDARD_LIBRARIES = YES;
				CODE_SIGN_STYLE = Automatic;
				DEVELOPMENT_TEAM = 7B6A868M7K;
				INFOPLIST_FILE = MentalHealthProjectUITests/Info.plist;
				LD_RUNPATH_SEARCH_PATHS = (
					"$(inherited)",
					"@executable_path/Frameworks",
					"@loader_path/Frameworks",
				);
				PRODUCT_BUNDLE_IDENTIFIER = com.RW.MentalHealthProjectUITests;
				PRODUCT_NAME = "$(TARGET_NAME)";
				SWIFT_VERSION = 5.0;
				TARGETED_DEVICE_FAMILY = "1,2";
				TEST_TARGET_NAME = MentalHealthProject;
			};
			name = Debug;
		};
		5B0C2ED725DF4A7100F36D91 /* Release */ = {
			isa = XCBuildConfiguration;
			baseConfigurationReference = 077507E8AAEEB065214B6F56 /* Pods-MentalHealthProject-MentalHealthProjectUITests.release.xcconfig */;
			buildSettings = {
				ALWAYS_EMBED_SWIFT_STANDARD_LIBRARIES = YES;
				CODE_SIGN_STYLE = Automatic;
				DEVELOPMENT_TEAM = 7B6A868M7K;
				INFOPLIST_FILE = MentalHealthProjectUITests/Info.plist;
				LD_RUNPATH_SEARCH_PATHS = (
					"$(inherited)",
					"@executable_path/Frameworks",
					"@loader_path/Frameworks",
				);
				PRODUCT_BUNDLE_IDENTIFIER = com.RW.MentalHealthProjectUITests;
				PRODUCT_NAME = "$(TARGET_NAME)";
				SWIFT_VERSION = 5.0;
				TARGETED_DEVICE_FAMILY = "1,2";
				TEST_TARGET_NAME = MentalHealthProject;
			};
			name = Release;
		};
/* End XCBuildConfiguration section */

/* Begin XCConfigurationList section */
		5B0C2E9D25DF4A6F00F36D91 /* Build configuration list for PBXProject "MentalHealthProject" */ = {
			isa = XCConfigurationList;
			buildConfigurations = (
				5B0C2ECD25DF4A7100F36D91 /* Debug */,
				5B0C2ECE25DF4A7100F36D91 /* Release */,
			);
			defaultConfigurationIsVisible = 0;
			defaultConfigurationName = Release;
		};
		5B0C2ECF25DF4A7100F36D91 /* Build configuration list for PBXNativeTarget "MentalHealthProject" */ = {
			isa = XCConfigurationList;
			buildConfigurations = (
				5B0C2ED025DF4A7100F36D91 /* Debug */,
				5B0C2ED125DF4A7100F36D91 /* Release */,
			);
			defaultConfigurationIsVisible = 0;
			defaultConfigurationName = Release;
		};
		5B0C2ED225DF4A7100F36D91 /* Build configuration list for PBXNativeTarget "MentalHealthProjectTests" */ = {
			isa = XCConfigurationList;
			buildConfigurations = (
				5B0C2ED325DF4A7100F36D91 /* Debug */,
				5B0C2ED425DF4A7100F36D91 /* Release */,
			);
			defaultConfigurationIsVisible = 0;
			defaultConfigurationName = Release;
		};
		5B0C2ED525DF4A7100F36D91 /* Build configuration list for PBXNativeTarget "MentalHealthProjectUITests" */ = {
			isa = XCConfigurationList;
			buildConfigurations = (
				5B0C2ED625DF4A7100F36D91 /* Debug */,
				5B0C2ED725DF4A7100F36D91 /* Release */,
			);
			defaultConfigurationIsVisible = 0;
			defaultConfigurationName = Release;
		};
/* End XCConfigurationList section */

/* Begin XCVersionGroup section */
		5B0C2EAE25DF4A6F00F36D91 /* MentalHealthProject.xcdatamodeld */ = {
			isa = XCVersionGroup;
			children = (
				5B0C2EAF25DF4A6F00F36D91 /* MentalHealthProject.xcdatamodel */,
			);
			currentVersion = 5B0C2EAF25DF4A6F00F36D91 /* MentalHealthProject.xcdatamodel */;
			path = MentalHealthProject.xcdatamodeld;
			sourceTree = "<group>";
			versionGroupType = wrapper.xcdatamodel;
		};
/* End XCVersionGroup section */
	};
	rootObject = 5B0C2E9A25DF4A6F00F36D91 /* Project object */;
}
